lock-version = "1.0"
version = "1"
created-by = "skills/dev"

[[artifacts]]
  name = "coding-standards"
  version = "1.0"
  type = "skill"
  [artifacts.source-path]
    path = "./artifacts/coding-standards/1.0"

  [[artifacts.repositories]]
    repo = "https://github.com/sleuth-io/pulse"

  [[artifacts.repositories]]
    repo = "https://github.com/sleuth-io/sleuth"

[[artifacts]]
  name = "patterned-skill-creator"
  version = "1.0"
  type = "skill"
  [artifacts.source-path]
    path = "./artifacts/patterned-skill-creator/1.0"

[[artifacts]]
  name = "pql"
  version = "1.0"
  type = "skill"
  [artifacts.source-path]
    path = "./artifacts/pql/1.0"

  [[artifacts.repositories]]
    repo = "https://github.com/sleuth-io/pulse"

[[artifacts]]
  name = "search-object"
  version = "1.0"
  type = "skill"
  [artifacts.source-path]
    path = "./artifacts/search-object/1.0"

  [[artifacts.repositories]]
    repo = "https://github.com/sleuth-io/pulse"

[[artifacts]]
  name = "graphql-field"
  version = "1.0"
  type = "skill"
  [artifacts.source-path]
    path = "./artifacts/graphql-field/1.0"

  [[artifacts.repositories]]
    repo = "https://github.com/sleuth-io/pulse"

  [[artifacts.repositories]]
    repo = "https://github.com/sleuth-io/sleuth"

[[artifacts]]
  name = "chat"
  version = "1.0"
  type = "skill"
  [artifacts.source-path]
    path = "./artifacts/chat/1.0"

  [[artifacts.repositories]]
    repo = "https://github.com/sleuth-io/pulse"

[[artifacts]]
  name = "chat"
  version = "2.0"
  type = "skill"
  [artifacts.source-path]
    path = "./artifacts/chat/2.0"

  [[artifacts.repositories]]
    repo = "https://github.com/sleuth-io/pulse"

[[artifacts]]
  name = "coding-standards"
  version = "2.0"
  type = "skill"
  [artifacts.source-path]
    path = "./artifacts/coding-standards/2.0"

  [[artifacts.repositories]]
    repo = "https://github.com/sleuth-io/pulse"

  [[artifacts.repositories]]
    repo = "https://github.com/sleuth-io/sleuth"

[[artifacts]]
  name = "graphql-field"
  version = "2.0"
  type = "skill"
  [artifacts.source-path]
    path = "./artifacts/graphql-field/2.0"

  [[artifacts.repositories]]
    repo = "https://github.com/sleuth-io/pulse"

  [[artifacts.repositories]]
    repo = "https://github.com/sleuth-io/sleuth"

[[artifacts]]
  name = "search-object"
  version = "2.0"
  type = "skill"
  [artifacts.source-path]
    path = "./artifacts/search-object/2.0"

  [[artifacts.repositories]]
    repo = "https://github.com/sleuth-io/pulse"

[[artifacts]]
  name = "test-writer"
  version = "4.0"
  type = "skill"
  [artifacts.source-path]
    path = "./artifacts/test-writer/4.0"

  [[artifacts.repositories]]
    repo = "https://github.com/sleuth-io/pulse"

  [[artifacts.repositories]]
    repo = "https://github.com/sleuth-io/sleuth"

[[artifacts]]
  name = "chat"
  version = "3.0"
  type = "skill"
  [artifacts.source-path]
    path = "./artifacts/chat/3.0"

  [[artifacts.repositories]]
    repo = "https://github.com/sleuth-io/pulse"

[[artifacts]]
  name = "docs-write"
  version = "1.0"
  type = "skill"
  [artifacts.source-path]
    path = "./artifacts/docs-write/1.0"

[[artifacts]]
  name = "test-driven-development"
  version = "1.0"
  type = "skill"
  [artifacts.source-path]
    path = "./artifacts/test-driven-development/1.0"
